version = 1
revision = 3
requires-python = ">=3.12"

[[package]]
name = "about-time"
version = "4.2.1"
source = { registry = "https://pypi.org/simple" }
sdist = { url = "https://files.pythonhosted.org/packages/1c/3f/ccb16bdc53ebb81c1bf837c1ee4b5b0b69584fd2e4a802a2a79936691c0a/about-time-4.2.1.tar.gz", hash = "sha256:6a538862d33ce67d997429d14998310e1dbfda6cb7d9bbfbf799c4709847fece", size = 15380, upload-time = "2022-12-21T04:15:54.991Z" }
wheels = [
    { url = "https://files.pythonhosted.org/packages/fb/cd/7ee00d6aa023b1d0551da0da5fee3bc23c3eeea632fbfc5126d1fec52b7e/about_time-4.2.1-py3-none-any.whl", hash = "sha256:8bbf4c75fe13cbd3d72f49a03b02c5c7dca32169b6d49117c257e7eb3eaee341", size = 13295, upload-time = "2022-12-21T04:15:53.613Z" },
]

[[package]]
name = "alive-progress"
version = "3.2.0"
source = { registry = "https://pypi.org/simple" }
dependencies = [
    { name = "about-time" },
    { name = "grapheme" },
]
sdist = { url = "https://files.pythonhosted.org/packages/28/66/c2c1e6674b3b7202ce529cf7d9971c93031e843b8e0c86a85f693e6185b8/alive-progress-3.2.0.tar.gz", hash = "sha256:ede29d046ff454fe56b941f686f89dd9389430c4a5b7658e445cb0b80e0e4deb", size = 113231, upload-time = "2024-10-26T04:22:31.4Z" }
wheels = [
    { url = "https://files.pythonhosted.org/packages/57/39/cade3a5a97fffa3ae84f298208237b3a9f7112d6b0ed57e8ff4b755e44b4/alive_progress-3.2.0-py3-none-any.whl", hash = "sha256:0677929f8d3202572e9d142f08170b34dbbe256cc6d2afbf75ef187c7da964a8", size = 77106, upload-time = "2024-10-26T04:22:29.103Z" },
]

[[package]]
name = "bg3-audio-converter-autolabel"
version = "0.1.0"
source = { virtual = "." }
dependencies = [
    { name = "alive-progress" },
    { name = "python-dotenv" },
]

[package.metadata]
requires-dist = [
    { name = "alive-progress", specifier = ">=3.2.0" },
    { name = "python-dotenv", specifier = ">=1.2.2" },
]

[[package]]
name = "grapheme"
version = "0.6.0"
source = { registry = "https://pypi.org/simple" }
sdist = { url = "https://files.pythonhosted.org/packages/ce/e7/bbaab0d2a33e07c8278910c1d0d8d4f3781293dfbc70b5c38197159046bf/grapheme-0.6.0.tar.gz", hash = "sha256:44c2b9f21bbe77cfb05835fec230bd435954275267fea1858013b102f8603cca", size = 207306, upload-time = "2020-03-07T17:13:55.492Z" }

[[package]]
name = "python-dotenv"
version = "1.2.2"
source = { registry = "https://pypi.org/simple" }
sdist = { url = "https://files.pythonhosted.org/packages/82/ed/0301aeeac3e5353ef3d94b6ec08bbcabd04a72018415dcb29e588514bba8/python_dotenv-1.2.2.tar.gz", hash = "sha256:2c371a91fbd7ba082c2c1dc1f8bf89ca22564a087c2c287cd9b662adde799cf3", size = 50135, upload-time = "2026-03-01T16:00:26.196Z" }
wheels = [
    { url = "https://files.pythonhosted.org/packages/0b/d7/1959b9648791274998a9c3526f6d0ec8fd2233e4d4acce81bbae76b44b2a/python_dotenv-1.2.2-py3-none-any.whl", hash = "sha256:1d8214789a24de455a8b8bd8ae6fe3c6b69a5e3d64aa8a8e5d68e694bbcb285a", size = 22101, upload-time = "2026-03-01T16:00:25.09Z" },
]
